{
  "name": "webpack-module",
  "version": "1.0.0",
  "lockfileVersion": 1,
  "requires": true,
  "dependencies": {
    "colors": {
      "version": "1.4.0",
      "resolved": "https://registry.nlark.com/colors/download/colors-1.4.0.tgz?cache=0&sync_timestamp=1622604546780&other_urls=https%3A%2F%2Fregistry.nlark.com%2Fcolors%2Fdownload%2Fcolors-1.4.0.tgz",
      "integrity": "sha1-xQSRR51MG9rtLJztMs98fcI2D3g=",
      "dev": true
    },
    "colors-console": {
      "version": "1.0.3",
      "resolved": "https://registry.npm.taobao.org/colors-console/download/colors-console-1.0.3.tgz",
      "integrity": "sha1-Xnogsm6O8tJUB2jIySUMP1RbWYs=",
      "dev": true
    },
    "minimist": {
      "version": "1.2.5",
      "resolved": "https://registry.nlark.com/minimist/download/minimist-1.2.5.tgz?cache=0&sync_timestamp=1618847017774&other_urls=https%3A%2F%2Fregistry.nlark.com%2Fminimist%2Fdownload%2Fminimist-1.2.5.tgz",
      "integrity": "sha1-Z9ZgFLZqaoqqDAg8X9WN9OTpdgI=",
      "dev": true
    },
    "naming-style": {
      "version": "1.0.1",
      "resolved": "https://registry.nlark.com/naming-style/download/naming-style-1.0.1.tgz",
      "integrity": "sha1-LIHzeKnk0nhhjCyKpVBrCyozA00=",
      "dev": true
    }
  }
}
